
Microsoft Visual Studio Solution File, Format Version 12.00
# Visual Studio Version 17
VisualStudioVersion = 17.5.002.0
MinimumVisualStudioVersion = 10.0.40219.1
Project("{9A19103F-16F7-4668-BE54-9A1E7A4F7556}") = "HashChecker", "HashChecker.csproj", "{A93D74AF-8978-43EF-A8C3-D3DBC7AC1D60}"
EndProject
Global
	GlobalSection(SolutionConfigurationPlatforms) = preSolution
		Debug|Any CPU = Debug|Any CPU
		Release|Any CPU = Release|Any CPU
	EndGlobalSection
	GlobalSection(ProjectConfigurationPlatforms) = postSolution
		{A93D74AF-8978-43EF-A8C3-D3DBC7AC1D60}.Debug|Any CPU.ActiveCfg = Debug|Any CPU
		{A93D74AF-8978-43EF-A8C3-D3DBC7AC1D60}.Debug|Any CPU.Build.0 = Debug|Any CPU
		{A93D74AF-8978-43EF-A8C3-D3DBC7AC1D60}.Release|Any CPU.ActiveCfg = Release|Any CPU
		{A93D74AF-8978-43EF-A8C3-D3DBC7AC1D60}.Release|Any CPU.Build.0 = Release|Any CPU
	EndGlobalSection
	GlobalSection(SolutionProperties) = preSolution
		HideSolutionNode = FALSE
	EndGlobalSection
	GlobalSection(ExtensibilityGlobals) = postSolution
		SolutionGuid = {D680E312-F838-4C21-BFC7-6515E8D53637}
	EndGlobalSection
EndGlobal
